// !$*UTF8*$!
{
	archiveVersion = 1;
	classes = {
	};
	objectVersion = 56;
	objects = {

/* Begin PBXBuildFile section */
		2111FDA32BF9D7A600B5E41B /* Color.swift in Sources */ = {isa = PBXBuildFile; fileRef = 2111FDA22BF9D7A600B5E41B /* Color.swift */; };
		2111FDA72BFA3FC800B5E41B /* PlayVideo.swift in Sources */ = {isa = PBXBuildFile; fileRef = 2111FDA62BFA3FC800B5E41B /* PlayVideo.swift */; };
		213ED4612BFA5E5A003A7255 /* MLView.swift in Sources */ = {isa = PBXBuildFile; fileRef = 213ED4512BFA5E5A003A7255 /* MLView.swift */; };
		213ED4622BFA5E5A003A7255 /* Pose.swift in Sources */ = {isa = PBXBuildFile; fileRef = 213ED4532BFA5E5A003A7255 /* Pose.swift */; };
		213ED4632BFA5E5A003A7255 /* Pose+Connection.swift in Sources */ = {isa = PBXBuildFile; fileRef = 213ED4542BFA5E5A003A7255 /* Pose+Connection.swift */; };
		213ED4642BFA5E5A003A7255 /* Pose+Empty.swift in Sources */ = {isa = PBXBuildFile; fileRef = 213ED4552BFA5E5A003A7255 /* Pose+Empty.swift */; };
		213ED4652BFA5E5A003A7255 /* Pose+Landmark.swift in Sources */ = {isa = PBXBuildFile; fileRef = 213ED4562BFA5E5A003A7255 /* Pose+Landmark.swift */; };
		213ED4662BFA5E5A003A7255 /* AVCaptureDevice+FrameRate.swift in Sources */ = {isa = PBXBuildFile; fileRef = 213ED4582BFA5E5A003A7255 /* AVCaptureDevice+FrameRate.swift */; };
		213ED4672BFA5E5A003A7255 /* AVCaptureDeviceInput+Camera.swift in Sources */ = {isa = PBXBuildFile; fileRef = 213ED4592BFA5E5A003A7255 /* AVCaptureDeviceInput+Camera.swift */; };
		213ED4682BFA5E5A003A7255 /* AVCaptureVideoDataOutput+PixelFormat.swift in Sources */ = {isa = PBXBuildFile; fileRef = 213ED45A2BFA5E5A003A7255 /* AVCaptureVideoDataOutput+PixelFormat.swift */; };
		213ED4692BFA5E5A003A7255 /* VideoCapture.swift in Sources */ = {isa = PBXBuildFile; fileRef = 213ED45B2BFA5E5A003A7255 /* VideoCapture.swift */; };
		213ED46A2BFA5E5A003A7255 /* VideoProcessingChain.swift in Sources */ = {isa = PBXBuildFile; fileRef = 213ED45D2BFA5E5A003A7255 /* VideoProcessingChain.swift */; };
		213ED46B2BFA5E5A003A7255 /* PredictionViewModel.swift in Sources */ = {isa = PBXBuildFile; fileRef = 213ED45F2BFA5E5A003A7255 /* PredictionViewModel.swift */; };
		213ED4742BFA604E003A7255 /* ActionPrediction.swift in Sources */ = {isa = PBXBuildFile; fileRef = 213ED46D2BFA604E003A7255 /* ActionPrediction.swift */; };
		213ED4752BFA604E003A7255 /* ExerciseClassifier+FrameRate.swift in Sources */ = {isa = PBXBuildFile; fileRef = 213ED46E2BFA604E003A7255 /* ExerciseClassifier+FrameRate.swift */; };
		213ED4762BFA604E003A7255 /* ExerciseClassifier+Label.swift in Sources */ = {isa = PBXBuildFile; fileRef = 213ED46F2BFA604E003A7255 /* ExerciseClassifier+Label.swift */; };
		213ED4772BFA604E003A7255 /* ExerciseClassifier+LabelCheck.swift in Sources */ = {isa = PBXBuildFile; fileRef = 213ED4702BFA604E003A7255 /* ExerciseClassifier+LabelCheck.swift */; };
		213ED4782BFA604E003A7255 /* ExerciseClassifier+PredictAction.swift in Sources */ = {isa = PBXBuildFile; fileRef = 213ED4712BFA604E003A7255 /* ExerciseClassifier+PredictAction.swift */; };
		213ED4792BFA604E003A7255 /* ExerciseClassifier+Singleton.swift in Sources */ = {isa = PBXBuildFile; fileRef = 213ED4722BFA604E003A7255 /* ExerciseClassifier+Singleton.swift */; };
		213ED47B2BFA6179003A7255 /* DanceModel.mlmodel in Sources */ = {isa = PBXBuildFile; fileRef = 213ED47A2BFA6179003A7255 /* DanceModel.mlmodel */; };
		21EA5A282BF399C3001900D5 /* Dance_OffApp.swift in Sources */ = {isa = PBXBuildFile; fileRef = 21EA5A272BF399C3001900D5 /* Dance_OffApp.swift */; };
		21EA5A2A2BF399C3001900D5 /* ContentView.swift in Sources */ = {isa = PBXBuildFile; fileRef = 21EA5A292BF399C3001900D5 /* ContentView.swift */; };
		21EA5A2C2BF399CD001900D5 /* Assets.xcassets in Resources */ = {isa = PBXBuildFile; fileRef = 21EA5A2B2BF399CD001900D5 /* Assets.xcassets */; };
		21EA5A302BF399CD001900D5 /* Preview Assets.xcassets in Resources */ = {isa = PBXBuildFile; fileRef = 21EA5A2F2BF399CD001900D5 /* Preview Assets.xcassets */; };
		21EA5A3A2BF3B298001900D5 /* MLViewMac.swift in Sources */ = {isa = PBXBuildFile; fileRef = 21EA5A392BF3B298001900D5 /* MLViewMac.swift */; };
		21EA5A3C2BF3B427001900D5 /* ImagePicker.swift in Sources */ = {isa = PBXBuildFile; fileRef = 21EA5A3B2BF3B427001900D5 /* ImagePicker.swift */; };
		21EA5A3E2BF3B542001900D5 /* CameraViewMac.swift in Sources */ = {isa = PBXBuildFile; fileRef = 21EA5A3D2BF3B542001900D5 /* CameraViewMac.swift */; };
		21EA5A422BF3D22D001900D5 /* Predictor.swift in Sources */ = {isa = PBXBuildFile; fileRef = 21EA5A412BF3D22D001900D5 /* Predictor.swift */; };
		21EA5A462BF46F51001900D5 /* HomeView.swift in Sources */ = {isa = PBXBuildFile; fileRef = 21EA5A452BF46F51001900D5 /* HomeView.swift */; };
		21EA5A482BF46FA2001900D5 /* PlaySound.swift in Sources */ = {isa = PBXBuildFile; fileRef = 21EA5A472BF46FA2001900D5 /* PlaySound.swift */; };
		21EA5A4A2BF494CA001900D5 /* CameraView1.swift in Sources */ = {isa = PBXBuildFile; fileRef = 21EA5A492BF494CA001900D5 /* CameraView1.swift */; };
		21EA5A4C2BF49ADA001900D5 /* MLView1.swift in Sources */ = {isa = PBXBuildFile; fileRef = 21EA5A4B2BF49ADA001900D5 /* MLView1.swift */; };
		21EA5A512BF4F083001900D5 /* CameraView2.swift in Sources */ = {isa = PBXBuildFile; fileRef = 21EA5A502BF4F083001900D5 /* CameraView2.swift */; };
/* End PBXBuildFile section */

/* Begin PBXFileReference section */
		2111FDA22BF9D7A600B5E41B /* Color.swift */ = {isa = PBXFileReference; lastKnownFileType = sourcecode.swift; path = Color.swift; sourceTree = "<group>"; };
		2111FDA62BFA3FC800B5E41B /* PlayVideo.swift */ = {isa = PBXFileReference; lastKnownFileType = sourcecode.swift; path = PlayVideo.swift; sourceTree = "<group>"; };
		213ED4512BFA5E5A003A7255 /* MLView.swift */ = {isa = PBXFileReference; fileEncoding = 4; lastKnownFileType = sourcecode.swift; path = MLView.swift; sourceTree = "<group>"; };
		213ED4532BFA5E5A003A7255 /* Pose.swift */ = {isa = PBXFileReference; fileEncoding = 4; lastKnownFileType = sourcecode.swift; path = Pose.swift; sourceTree = "<group>"; };
		213ED4542BFA5E5A003A7255 /* Pose+Connection.swift */ = {isa = PBXFileReference; fileEncoding = 4; lastKnownFileType = sourcecode.swift; path = "Pose+Connection.swift"; sourceTree = "<group>"; };
		213ED4552BFA5E5A003A7255 /* Pose+Empty.swift */ = {isa = PBXFileReference; fileEncoding = 4; lastKnownFileType = sourcecode.swift; path = "Pose+Empty.swift"; sourceTree = "<group>"; };
		213ED4562BFA5E5A003A7255 /* Pose+Landmark.swift */ = {isa = PBXFileReference; fileEncoding = 4; lastKnownFileType = sourcecode.swift; path = "Pose+Landmark.swift"; sourceTree = "<group>"; };
		213ED4582BFA5E5A003A7255 /* AVCaptureDevice+FrameRate.swift */ = {isa = PBXFileReference; fileEncoding = 4; lastKnownFileType = sourcecode.swift; path = "AVCaptureDevice+FrameRate.swift"; sourceTree = "<group>"; };
		213ED4592BFA5E5A003A7255 /* AVCaptureDeviceInput+Camera.swift */ = {isa = PBXFileReference; fileEncoding = 4; lastKnownFileType = sourcecode.swift; path = "AVCaptureDeviceInput+Camera.swift"; sourceTree = "<group>"; };
		213ED45A2BFA5E5A003A7255 /* AVCaptureVideoDataOutput+PixelFormat.swift */ = {isa = PBXFileReference; fileEncoding = 4; lastKnownFileType = sourcecode.swift; path = "AVCaptureVideoDataOutput+PixelFormat.swift"; sourceTree = "<group>"; };
		213ED45B2BFA5E5A003A7255 /* VideoCapture.swift */ = {isa = PBXFileReference; fileEncoding = 4; lastKnownFileType = sourcecode.swift; path = VideoCapture.swift; sourceTree = "<group>"; };
		213ED45D2BFA5E5A003A7255 /* VideoProcessingChain.swift */ = {isa = PBXFileReference; fileEncoding = 4; lastKnownFileType = sourcecode.swift; path = VideoProcessingChain.swift; sourceTree = "<group>"; };
		213ED45F2BFA5E5A003A7255 /* PredictionViewModel.swift */ = {isa = PBXFileReference; fileEncoding = 4; lastKnownFileType = sourcecode.swift; path = PredictionViewModel.swift; sourceTree = "<group>"; };
		213ED46D2BFA604E003A7255 /* ActionPrediction.swift */ = {isa = PBXFileReference; fileEncoding = 4; lastKnownFileType = sourcecode.swift; path = ActionPrediction.swift; sourceTree = "<group>"; };
		213ED46E2BFA604E003A7255 /* ExerciseClassifier+FrameRate.swift */ = {isa = PBXFileReference; fileEncoding = 4; lastKnownFileType = sourcecode.swift; path = "ExerciseClassifier+FrameRate.swift"; sourceTree = "<group>"; };
		213ED46F2BFA604E003A7255 /* ExerciseClassifier+Label.swift */ = {isa = PBXFileReference; fileEncoding = 4; lastKnownFileType = sourcecode.swift; path = "ExerciseClassifier+Label.swift"; sourceTree = "<group>"; };
		213ED4702BFA604E003A7255 /* ExerciseClassifier+LabelCheck.swift */ = {isa = PBXFileReference; fileEncoding = 4; lastKnownFileType = sourcecode.swift; path = "ExerciseClassifier+LabelCheck.swift"; sourceTree = "<group>"; };
		213ED4712BFA604E003A7255 /* ExerciseClassifier+PredictAction.swift */ = {isa = PBXFileReference; fileEncoding = 4; lastKnownFileType = sourcecode.swift; path = "ExerciseClassifier+PredictAction.swift"; sourceTree = "<group>"; };
		213ED4722BFA604E003A7255 /* ExerciseClassifier+Singleton.swift */ = {isa = PBXFileReference; fileEncoding = 4; lastKnownFileType = sourcecode.swift; path = "ExerciseClassifier+Singleton.swift"; sourceTree = "<group>"; };
		213ED47A2BFA6179003A7255 /* DanceModel.mlmodel */ = {isa = PBXFileReference; lastKnownFileType = file.mlmodel; name = DanceModel.mlmodel; path = ../../../../../ADA/ML/Dance/DanceModel.mlmodel; sourceTree = "<group>"; };
		213ED47C2BFA61D4003A7255 /* video.mp4 */ = {isa = PBXFileReference; lastKnownFileType = file; path = video.mp4; sourceTree = "<group>"; };
		21EA5A242BF399C3001900D5 /* Dance Off.app */ = {isa = PBXFileReference; explicitFileType = wrapper.application; includeInIndex = 0; path = "Dance Off.app"; sourceTree = BUILT_PRODUCTS_DIR; };
		21EA5A272BF399C3001900D5 /* Dance_OffApp.swift */ = {isa = PBXFileReference; lastKnownFileType = sourcecode.swift; path = Dance_OffApp.swift; sourceTree = "<group>"; };
		21EA5A292BF399C3001900D5 /* ContentView.swift */ = {isa = PBXFileReference; lastKnownFileType = sourcecode.swift; path = ContentView.swift; sourceTree = "<group>"; };
		21EA5A2B2BF399CD001900D5 /* Assets.xcassets */ = {isa = PBXFileReference; lastKnownFileType = folder.assetcatalog; path = Assets.xcassets; sourceTree = "<group>"; };
		21EA5A2D2BF399CD001900D5 /* Dance_Off.entitlements */ = {isa = PBXFileReference; lastKnownFileType = text.plist.entitlements; path = Dance_Off.entitlements; sourceTree = "<group>"; };
		21EA5A2F2BF399CD001900D5 /* Preview Assets.xcassets */ = {isa = PBXFileReference; lastKnownFileType = folder.assetcatalog; path = "Preview Assets.xcassets"; sourceTree = "<group>"; };
		21EA5A392BF3B298001900D5 /* MLViewMac.swift */ = {isa = PBXFileReference; lastKnownFileType = sourcecode.swift; path = MLViewMac.swift; sourceTree = "<group>"; };
		21EA5A3B2BF3B427001900D5 /* ImagePicker.swift */ = {isa = PBXFileReference; lastKnownFileType = sourcecode.swift; path = ImagePicker.swift; sourceTree = "<group>"; };
		21EA5A3D2BF3B542001900D5 /* CameraViewMac.swift */ = {isa = PBXFileReference; lastKnownFileType = sourcecode.swift; path = CameraViewMac.swift; sourceTree = "<group>"; };
		21EA5A412BF3D22D001900D5 /* Predictor.swift */ = {isa = PBXFileReference; lastKnownFileType = sourcecode.swift; path = Predictor.swift; sourceTree = "<group>"; };
		21EA5A452BF46F51001900D5 /* HomeView.swift */ = {isa = PBXFileReference; lastKnownFileType = sourcecode.swift; path = HomeView.swift; sourceTree = "<group>"; };
		21EA5A472BF46FA2001900D5 /* PlaySound.swift */ = {isa = PBXFileReference; lastKnownFileType = sourcecode.swift; path = PlaySound.swift; sourceTree = "<group>"; };
		21EA5A492BF494CA001900D5 /* CameraView1.swift */ = {isa = PBXFileReference; lastKnownFileType = sourcecode.swift; path = CameraView1.swift; sourceTree = "<group>"; };
		21EA5A4B2BF49ADA001900D5 /* MLView1.swift */ = {isa = PBXFileReference; lastKnownFileType = sourcecode.swift; path = MLView1.swift; sourceTree = "<group>"; };
		21EA5A502BF4F083001900D5 /* CameraView2.swift */ = {isa = PBXFileReference; lastKnownFileType = sourcecode.swift; path = CameraView2.swift; sourceTree = "<group>"; };
		21EA5A522BF5E6D3001900D5 /* DanceModel.mlmodel */ = {isa = PBXFileReference; lastKnownFileType = file.mlmodel; path = DanceModel.mlmodel; sourceTree = "<group>"; };
/* End PBXFileReference section */

/* Begin PBXFrameworksBuildPhase section */
		21EA5A212BF399C3001900D5 /* Frameworks */ = {
			isa = PBXFrameworksBuildPhase;
			buildActionMask = 2147483647;
			files = (
			);
			runOnlyForDeploymentPostprocessing = 0;
		};
/* End PBXFrameworksBuildPhase section */

/* Begin PBXGroup section */
		213ED4572BFA5E5A003A7255 /* Pose */ = {
			isa = PBXGroup;
			children = (
				213ED4532BFA5E5A003A7255 /* Pose.swift */,
				213ED4542BFA5E5A003A7255 /* Pose+Connection.swift */,
				213ED4552BFA5E5A003A7255 /* Pose+Empty.swift */,
				213ED4562BFA5E5A003A7255 /* Pose+Landmark.swift */,
			);
			path = Pose;
			sourceTree = "<group>";
		};
		213ED45C2BFA5E5A003A7255 /* Video Capture */ = {
			isa = PBXGroup;
			children = (
				213ED4582BFA5E5A003A7255 /* AVCaptureDevice+FrameRate.swift */,
				213ED4592BFA5E5A003A7255 /* AVCaptureDeviceInput+Camera.swift */,
				213ED45A2BFA5E5A003A7255 /* AVCaptureVideoDataOutput+PixelFormat.swift */,
				213ED45B2BFA5E5A003A7255 /* VideoCapture.swift */,
			);
			path = "Video Capture";
			sourceTree = "<group>";
		};
		213ED45E2BFA5E5A003A7255 /* Video Processing Chain */ = {
			isa = PBXGroup;
			children = (
				213ED45D2BFA5E5A003A7255 /* VideoProcessingChain.swift */,
			);
			path = "Video Processing Chain";
			sourceTree = "<group>";
		};
		213ED4602BFA5E5A003A7255 /* ViewModel */ = {
			isa = PBXGroup;
			children = (
				213ED45F2BFA5E5A003A7255 /* PredictionViewModel.swift */,
			);
			path = ViewModel;
			sourceTree = "<group>";
		};
		213ED46C2BFA5EB4003A7255 /* ML */ = {
			isa = PBXGroup;
			children = (
				213ED47A2BFA6179003A7255 /* DanceModel.mlmodel */,
				213ED4732BFA604E003A7255 /* Action Classifier */,
				213ED4572BFA5E5A003A7255 /* Pose */,
				213ED45C2BFA5E5A003A7255 /* Video Capture */,
				213ED45E2BFA5E5A003A7255 /* Video Processing Chain */,
				213ED4602BFA5E5A003A7255 /* ViewModel */,
			);
			path = ML;
			sourceTree = "<group>";
		};
		213ED4732BFA604E003A7255 /* Action Classifier */ = {
			isa = PBXGroup;
			children = (
				213ED46D2BFA604E003A7255 /* ActionPrediction.swift */,
				213ED46E2BFA604E003A7255 /* ExerciseClassifier+FrameRate.swift */,
				213ED46F2BFA604E003A7255 /* ExerciseClassifier+Label.swift */,
				213ED4702BFA604E003A7255 /* ExerciseClassifier+LabelCheck.swift */,
				213ED4712BFA604E003A7255 /* ExerciseClassifier+PredictAction.swift */,
				213ED4722BFA604E003A7255 /* ExerciseClassifier+Singleton.swift */,
			);
			name = "Action Classifier";
			path = "Dance Off/Action Classifier";
			sourceTree = SOURCE_ROOT;
		};
		213ED4812BFA6876003A7255 /* unused */ = {
			isa = PBXGroup;
			children = (
				21EA5A392BF3B298001900D5 /* MLViewMac.swift */,
				21EA5A3D2BF3B542001900D5 /* CameraViewMac.swift */,
				21EA5A492BF494CA001900D5 /* CameraView1.swift */,
				21EA5A4B2BF49ADA001900D5 /* MLView1.swift */,
				21EA5A502BF4F083001900D5 /* CameraView2.swift */,
				21EA5A3B2BF3B427001900D5 /* ImagePicker.swift */,
				21EA5A412BF3D22D001900D5 /* Predictor.swift */,
			);
			path = unused;
			sourceTree = "<group>";
		};
		21EA5A1B2BF399C3001900D5 = {
			isa = PBXGroup;
			children = (
				21EA5A262BF399C3001900D5 /* Dance Off */,
				21EA5A252BF399C3001900D5 /* Products */,
			);
			sourceTree = "<group>";
		};
		21EA5A252BF399C3001900D5 /* Products */ = {
			isa = PBXGroup;
			children = (
				21EA5A242BF399C3001900D5 /* Dance Off.app */,
			);
			name = Products;
			sourceTree = "<group>";
		};
		21EA5A262BF399C3001900D5 /* Dance Off */ = {
			isa = PBXGroup;
			children = (
				21EA5A272BF399C3001900D5 /* Dance_OffApp.swift */,
				21EA5A432BF46EFF001900D5 /* Views */,
				213ED46C2BFA5EB4003A7255 /* ML */,
				21EA5A442BF46F33001900D5 /* Utils */,
				213ED4812BFA6876003A7255 /* unused */,
				21EA5A2B2BF399CD001900D5 /* Assets.xcassets */,
				21EA5A2D2BF399CD001900D5 /* Dance_Off.entitlements */,
				21EA5A2E2BF399CD001900D5 /* Preview Content */,
			);
			path = "Dance Off";
			sourceTree = "<group>";
		};
		21EA5A2E2BF399CD001900D5 /* Preview Content */ = {
			isa = PBXGroup;
			children = (
				21EA5A522BF5E6D3001900D5 /* DanceModel.mlmodel */,
				21EA5A2F2BF399CD001900D5 /* Preview Assets.xcassets */,
			);
			path = "Preview Content";
			sourceTree = "<group>";
		};
		21EA5A432BF46EFF001900D5 /* Views */ = {
			isa = PBXGroup;
			children = (
				21EA5A452BF46F51001900D5 /* HomeView.swift */,
				21EA5A292BF399C3001900D5 /* ContentView.swift */,
				213ED4512BFA5E5A003A7255 /* MLView.swift */,
			);
			path = Views;
			sourceTree = "<group>";
		};
		21EA5A442BF46F33001900D5 /* Utils */ = {
			isa = PBXGroup;
			children = (
				213ED47C2BFA61D4003A7255 /* video.mp4 */,
				2111FDA62BFA3FC800B5E41B /* PlayVideo.swift */,
				21EA5A472BF46FA2001900D5 /* PlaySound.swift */,
				2111FDA22BF9D7A600B5E41B /* Color.swift */,
			);
			path = Utils;
			sourceTree = "<group>";
		};
/* End PBXGroup section */

/* Begin PBXNativeTarget section */
		21EA5A232BF399C3001900D5 /* Dance Off */ = {
			isa = PBXNativeTarget;
			buildConfigurationList = 21EA5A332BF399CD001900D5 /* Build configuration list for PBXNativeTarget "Dance Off" */;
			buildPhases = (
				21EA5A202BF399C3001900D5 /* Sources */,
				21EA5A212BF399C3001900D5 /* Frameworks */,
				21EA5A222BF399C3001900D5 /* Resources */,
			);
			buildRules = (
			);
			dependencies = (
			);
			name = "Dance Off";
			productName = "Dance Off";
			productReference = 21EA5A242BF399C3001900D5 /* Dance Off.app */;
			productType = "com.apple.product-type.application";
		};
/* End PBXNativeTarget section */

/* Begin PBXProject section */
		21EA5A1C2BF399C3001900D5 /* Project object */ = {
			isa = PBXProject;
			attributes = {
				BuildIndependentTargetsInParallel = 1;
				LastSwiftUpdateCheck = 1530;
				LastUpgradeCheck = 1530;
				TargetAttributes = {
					21EA5A232BF399C3001900D5 = {
						CreatedOnToolsVersion = 15.3;
					};
				};
			};
			buildConfigurationList = 21EA5A1F2BF399C3001900D5 /* Build configuration list for PBXProject "Dance Off" */;
			compatibilityVersion = "Xcode 14.0";
			developmentRegion = en;
			hasScannedForEncodings = 0;
			knownRegions = (
				en,
				Base,
			);
			mainGroup = 21EA5A1B2BF399C3001900D5;
			productRefGroup = 21EA5A252BF399C3001900D5 /* Products */;
			projectDirPath = "";
			projectRoot = "";
			targets = (
				21EA5A232BF399C3001900D5 /* Dance Off */,
			);
		};
/* End PBXProject section */

/* Begin PBXResourcesBuildPhase section */
		21EA5A222BF399C3001900D5 /* Resources */ = {
			isa = PBXResourcesBuildPhase;
			buildActionMask = 2147483647;
			files = (
				21EA5A302BF399CD001900D5 /* Preview Assets.xcassets in Resources */,
				21EA5A2C2BF399CD001900D5 /* Assets.xcassets in Resources */,
			);
			runOnlyForDeploymentPostprocessing = 0;
		};
/* End PBXResourcesBuildPhase section */

/* Begin PBXSourcesBuildPhase section */
		21EA5A202BF399C3001900D5 /* Sources */ = {
			isa = PBXSourcesBuildPhase;
			buildActionMask = 2147483647;
			files = (
				213ED4742BFA604E003A7255 /* ActionPrediction.swift in Sources */,
				21EA5A2A2BF399C3001900D5 /* ContentView.swift in Sources */,
				21EA5A482BF46FA2001900D5 /* PlaySound.swift in Sources */,
				21EA5A4A2BF494CA001900D5 /* CameraView1.swift in Sources */,
				21EA5A4C2BF49ADA001900D5 /* MLView1.swift in Sources */,
				213ED46A2BFA5E5A003A7255 /* VideoProcessingChain.swift in Sources */,
				213ED4782BFA604E003A7255 /* ExerciseClassifier+PredictAction.swift in Sources */,
				2111FDA32BF9D7A600B5E41B /* Color.swift in Sources */,
				2111FDA72BFA3FC800B5E41B /* PlayVideo.swift in Sources */,
				213ED4632BFA5E5A003A7255 /* Pose+Connection.swift in Sources */,
				21EA5A422BF3D22D001900D5 /* Predictor.swift in Sources */,
				21EA5A3C2BF3B427001900D5 /* ImagePicker.swift in Sources */,
				21EA5A3E2BF3B542001900D5 /* CameraViewMac.swift in Sources */,
				213ED4652BFA5E5A003A7255 /* Pose+Landmark.swift in Sources */,
				213ED4762BFA604E003A7255 /* ExerciseClassifier+Label.swift in Sources */,
				21EA5A462BF46F51001900D5 /* HomeView.swift in Sources */,
				21EA5A282BF399C3001900D5 /* Dance_OffApp.swift in Sources */,
				213ED4792BFA604E003A7255 /* ExerciseClassifier+Singleton.swift in Sources */,
				213ED4612BFA5E5A003A7255 /* MLView.swift in Sources */,
				213ED4682BFA5E5A003A7255 /* AVCaptureVideoDataOutput+PixelFormat.swift in Sources */,
				213ED4622BFA5E5A003A7255 /* Pose.swift in Sources */,
				21EA5A512BF4F083001900D5 /* CameraView2.swift in Sources */,
				213ED4772BFA604E003A7255 /* ExerciseClassifier+LabelCheck.swift in Sources */,
				213ED4692BFA5E5A003A7255 /* VideoCapture.swift in Sources */,
				213ED47B2BFA6179003A7255 /* DanceModel.mlmodel in Sources */,
				213ED46B2BFA5E5A003A7255 /* PredictionViewModel.swift in Sources */,
				213ED4672BFA5E5A003A7255 /* AVCaptureDeviceInput+Camera.swift in Sources */,
				213ED4642BFA5E5A003A7255 /* Pose+Empty.swift in Sources */,
				213ED4752BFA604E003A7255 /* ExerciseClassifier+FrameRate.swift in Sources */,
				21EA5A3A2BF3B298001900D5 /* MLViewMac.swift in Sources */,
				213ED4662BFA5E5A003A7255 /* AVCaptureDevice+FrameRate.swift in Sources */,
			);
			runOnlyForDeploymentPostprocessing = 0;
		};
/* End PBXSourcesBuildPhase section */

/* Begin XCBuildConfiguration section */
		21EA5A312BF399CD001900D5 /* Debug */ = {
			isa = XCBuildConfiguration;
			buildSettings = {
				ALWAYS_SEARCH_USER_PATHS = NO;
				ASSETCATALOG_COMPILER_GENERATE_SWIFT_ASSET_SYMBOL_EXTENSIONS = YES;
				CLANG_ANALYZER_NONNULL = YES;
				CLANG_ANALYZER_NUMBER_OBJECT_CONVERSION = YES_AGGRESSIVE;
				CLANG_CXX_LANGUAGE_STANDARD = "gnu++20";
				CLANG_ENABLE_MODULES = YES;
				CLANG_ENABLE_OBJC_ARC = YES;
				CLANG_ENABLE_OBJC_WEAK = YES;
				CLANG_WARN_BLOCK_CAPTURE_AUTORELEASING = YES;
				CLANG_WARN_BOOL_CONVERSION = YES;
				CLANG_WARN_COMMA = YES;
				CLANG_WARN_CONSTANT_CONVERSION = YES;
				CLANG_WARN_DEPRECATED_OBJC_IMPLEMENTATIONS = YES;
				CLANG_WARN_DIRECT_OBJC_ISA_USAGE = YES_ERROR;
				CLANG_WARN_DOCUMENTATION_COMMENTS = YES;
				CLANG_WARN_EMPTY_BODY = YES;
				CLANG_WARN_ENUM_CONVERSION = YES;
				CLANG_WARN_INFINITE_RECURSION = YES;
				CLANG_WARN_INT_CONVERSION = YES;
				CLANG_WARN_NON_LITERAL_NULL_CONVERSION = YES;
				CLANG_WARN_OBJC_IMPLICIT_RETAIN_SELF = YES;
				CLANG_WARN_OBJC_LITERAL_CONVERSION = YES;
				CLANG_WARN_OBJC_ROOT_CLASS = YES_ERROR;
				CLANG_WARN_QUOTED_INCLUDE_IN_FRAMEWORK_HEADER = YES;
				CLANG_WARN_RANGE_LOOP_ANALYSIS = YES;
				CLANG_WARN_STRICT_PROTOTYPES = YES;
				CLANG_WARN_SUSPICIOUS_MOVE = YES;
				CLANG_WARN_UNGUARDED_AVAILABILITY = YES_AGGRESSIVE;
				CLANG_WARN_UNREACHABLE_CODE = YES;
				CLANG_WARN__DUPLICATE_METHOD_MATCH = YES;
				COPY_PHASE_STRIP = NO;
				DEBUG_INFORMATION_FORMAT = dwarf;
				ENABLE_STRICT_OBJC_MSGSEND = YES;
				ENABLE_TESTABILITY = YES;
				ENABLE_USER_SCRIPT_SANDBOXING = YES;
				GCC_C_LANGUAGE_STANDARD = gnu17;
				GCC_DYNAMIC_NO_PIC = NO;
				GCC_NO_COMMON_BLOCKS = YES;
				GCC_OPTIMIZATION_LEVEL = 0;
				GCC_PREPROCESSOR_DEFINITIONS = (
					"DEBUG=1",
					"$(inherited)",
				);
				GCC_WARN_64_TO_32_BIT_CONVERSION = YES;
				GCC_WARN_ABOUT_RETURN_TYPE = YES_ERROR;
				GCC_WARN_UNDECLARED_SELECTOR = YES;
				GCC_WARN_UNINITIALIZED_AUTOS = YES_AGGRESSIVE;
				GCC_WARN_UNUSED_FUNCTION = YES;
				GCC_WARN_UNUSED_VARIABLE = YES;
				LOCALIZATION_PREFERS_STRING_CATALOGS = YES;
				MTL_ENABLE_DEBUG_INFO = INCLUDE_SOURCE;
				MTL_FAST_MATH = YES;
				ONLY_ACTIVE_ARCH = YES;
				SWIFT_ACTIVE_COMPILATION_CONDITIONS = "DEBUG $(inherited)";
				SWIFT_OPTIMIZATION_LEVEL = "-Onone";
			};
			name = Debug;
		};
		21EA5A322BF399CD001900D5 /* Release */ = {
			isa = XCBuildConfiguration;
			buildSettings = {
				ALWAYS_SEARCH_USER_PATHS = NO;
				ASSETCATALOG_COMPILER_GENERATE_SWIFT_ASSET_SYMBOL_EXTENSIONS = YES;
				CLANG_ANALYZER_NONNULL = YES;
				CLANG_ANALYZER_NUMBER_OBJECT_CONVERSION = YES_AGGRESSIVE;
				CLANG_CXX_LANGUAGE_STANDARD = "gnu++20";
				CLANG_ENABLE_MODULES = YES;
				CLANG_ENABLE_OBJC_ARC = YES;
				CLANG_ENABLE_OBJC_WEAK = YES;
				CLANG_WARN_BLOCK_CAPTURE_AUTORELEASING = YES;
				CLANG_WARN_BOOL_CONVERSION = YES;
				CLANG_WARN_COMMA = YES;
				CLANG_WARN_CONSTANT_CONVERSION = YES;
				CLANG_WARN_DEPRECATED_OBJC_IMPLEMENTATIONS = YES;
				CLANG_WARN_DIRECT_OBJC_ISA_USAGE = YES_ERROR;
				CLANG_WARN_DOCUMENTATION_COMMENTS = YES;
				CLANG_WARN_EMPTY_BODY = YES;
				CLANG_WARN_ENUM_CONVERSION = YES;
				CLANG_WARN_INFINITE_RECURSION = YES;
				CLANG_WARN_INT_CONVERSION = YES;
				CLANG_WARN_NON_LITERAL_NULL_CONVERSION = YES;
				CLANG_WARN_OBJC_IMPLICIT_RETAIN_SELF = YES;
				CLANG_WARN_OBJC_LITERAL_CONVERSION = YES;
				CLANG_WARN_OBJC_ROOT_CLASS = YES_ERROR;
				CLANG_WARN_QUOTED_INCLUDE_IN_FRAMEWORK_HEADER = YES;
				CLANG_WARN_RANGE_LOOP_ANALYSIS = YES;
				CLANG_WARN_STRICT_PROTOTYPES = YES;
				CLANG_WARN_SUSPICIOUS_MOVE = YES;
				CLANG_WARN_UNGUARDED_AVAILABILITY = YES_AGGRESSIVE;
				CLANG_WARN_UNREACHABLE_CODE = YES;
				CLANG_WARN__DUPLICATE_METHOD_MATCH = YES;
				COPY_PHASE_STRIP = NO;
				DEBUG_INFORMATION_FORMAT = "dwarf-with-dsym";
				ENABLE_NS_ASSERTIONS = NO;
				ENABLE_STRICT_OBJC_MSGSEND = YES;
				ENABLE_USER_SCRIPT_SANDBOXING = YES;
				GCC_C_LANGUAGE_STANDARD = gnu17;
				GCC_NO_COMMON_BLOCKS = YES;
				GCC_WARN_64_TO_32_BIT_CONVERSION = YES;
				GCC_WARN_ABOUT_RETURN_TYPE = YES_ERROR;
				GCC_WARN_UNDECLARED_SELECTOR = YES;
				GCC_WARN_UNINITIALIZED_AUTOS = YES_AGGRESSIVE;
				GCC_WARN_UNUSED_FUNCTION = YES;
				GCC_WARN_UNUSED_VARIABLE = YES;
				LOCALIZATION_PREFERS_STRING_CATALOGS = YES;
				MTL_ENABLE_DEBUG_INFO = NO;
				MTL_FAST_MATH = YES;
				SWIFT_COMPILATION_MODE = wholemodule;
			};
			name = Release;
		};
		21EA5A342BF399CD001900D5 /* Debug */ = {
			isa = XCBuildConfiguration;
			buildSettings = {
				ASSETCATALOG_COMPILER_APPICON_NAME = AppIcon;
				ASSETCATALOG_COMPILER_GLOBAL_ACCENT_COLOR_NAME = AccentColor;
				CODE_SIGN_ENTITLEMENTS = "Dance Off/Dance_Off.entitlements";
				CODE_SIGN_STYLE = Automatic;
				CURRENT_PROJECT_VERSION = 1;
				DEVELOPMENT_ASSET_PATHS = "\"Dance Off/Preview Content\"";
				DEVELOPMENT_TEAM = H3779UJ6B2;
				ENABLE_HARDENED_RUNTIME = YES;
				"ENABLE_HARDENED_RUNTIME[sdk=macosx*]" = YES;
				ENABLE_PREVIEWS = YES;
				GENERATE_INFOPLIST_FILE = YES;
				INFOPLIST_KEY_NSCameraUsageDescription = "Need to use camera";
				"INFOPLIST_KEY_UIApplicationSceneManifest_Generation[sdk=iphoneos*]" = YES;
				"INFOPLIST_KEY_UIApplicationSceneManifest_Generation[sdk=iphonesimulator*]" = YES;
				"INFOPLIST_KEY_UIApplicationSupportsIndirectInputEvents[sdk=iphoneos*]" = YES;
				"INFOPLIST_KEY_UIApplicationSupportsIndirectInputEvents[sdk=iphonesimulator*]" = YES;
				"INFOPLIST_KEY_UILaunchScreen_Generation[sdk=iphoneos*]" = YES;
				"INFOPLIST_KEY_UILaunchScreen_Generation[sdk=iphonesimulator*]" = YES;
				"INFOPLIST_KEY_UIStatusBarStyle[sdk=iphoneos*]" = UIStatusBarStyleDefault;
				"INFOPLIST_KEY_UIStatusBarStyle[sdk=iphonesimulator*]" = UIStatusBarStyleDefault;
				INFOPLIST_KEY_UISupportedInterfaceOrientations_iPad = "UIInterfaceOrientationPortrait UIInterfaceOrientationPortraitUpsideDown UIInterfaceOrientationLandscapeLeft UIInterfaceOrientationLandscapeRight";
				IPHONEOS_DEPLOYMENT_TARGET = 17.1;
				LD_RUNPATH_SEARCH_PATHS = "@executable_path/Frameworks";
				"LD_RUNPATH_SEARCH_PATHS[sdk=macosx*]" = "@executable_path/../Frameworks";
				MACOSX_DEPLOYMENT_TARGET = 14.4;
				MARKETING_VERSION = 1.0;
				PRODUCT_BUNDLE_IDENTIFIER = "test.Dance-Off";
				PRODUCT_NAME = "$(TARGET_NAME)";
				SDKROOT = auto;
				SUPPORTED_PLATFORMS = "iphoneos iphonesimulator macosx";
				SWIFT_EMIT_LOC_STRINGS = YES;
				SWIFT_VERSION = 5.0;
				TARGETED_DEVICE_FAMILY = "1,2";
			};
			name = Debug;
		};
		21EA5A352BF399CD001900D5 /* Release */ = {
			isa = XCBuildConfiguration;
			buildSettings = {
				ASSETCATALOG_COMPILER_APPICON_NAME = AppIcon;
				ASSETCATALOG_COMPILER_GLOBAL_ACCENT_COLOR_NAME = AccentColor;
				CODE_SIGN_ENTITLEMENTS = "Dance Off/Dance_Off.entitlements";
				CODE_SIGN_STYLE = Automatic;
				CURRENT_PROJECT_VERSION = 1;
				DEVELOPMENT_ASSET_PATHS = "\"Dance Off/Preview Content\"";
				DEVELOPMENT_TEAM = H3779UJ6B2;
				ENABLE_HARDENED_RUNTIME = YES;
				"ENABLE_HARDENED_RUNTIME[sdk=macosx*]" = YES;
				ENABLE_PREVIEWS = YES;
				GENERATE_INFOPLIST_FILE = YES;
				INFOPLIST_KEY_NSCameraUsageDescription = "Need to use camera";
				"INFOPLIST_KEY_UIApplicationSceneManifest_Generation[sdk=iphoneos*]" = YES;
				"INFOPLIST_KEY_UIApplicationSceneManifest_Generation[sdk=iphonesimulator*]" = YES;
				"INFOPLIST_KEY_UIApplicationSupportsIndirectInputEvents[sdk=iphoneos*]" = YES;
				"INFOPLIST_KEY_UIApplicationSupportsIndirectInputEvents[sdk=iphonesimulator*]" = YES;
				"INFOPLIST_KEY_UILaunchScreen_Generation[sdk=iphoneos*]" = YES;
				"INFOPLIST_KEY_UILaunchScreen_Generation[sdk=iphonesimulator*]" = YES;
				"INFOPLIST_KEY_UIStatusBarStyle[sdk=iphoneos*]" = UIStatusBarStyleDefault;
				"INFOPLIST_KEY_UIStatusBarStyle[sdk=iphonesimulator*]" = UIStatusBarStyleDefault;
				INFOPLIST_KEY_UISupportedInterfaceOrientations_iPad = "UIInterfaceOrientationPortrait UIInterfaceOrientationPortraitUpsideDown UIInterfaceOrientationLandscapeLeft UIInterfaceOrientationLandscapeRight";
				IPHONEOS_DEPLOYMENT_TARGET = 17.1;
				LD_RUNPATH_SEARCH_PATHS = "@executable_path/Frameworks";
				"LD_RUNPATH_SEARCH_PATHS[sdk=macosx*]" = "@executable_path/../Frameworks";
				MACOSX_DEPLOYMENT_TARGET = 14.4;
				MARKETING_VERSION = 1.0;
				PRODUCT_BUNDLE_IDENTIFIER = "test.Dance-Off";
				PRODUCT_NAME = "$(TARGET_NAME)";
				SDKROOT = auto;
				SUPPORTED_PLATFORMS = "iphoneos iphonesimulator macosx";
				SWIFT_EMIT_LOC_STRINGS = YES;
				SWIFT_VERSION = 5.0;
				TARGETED_DEVICE_FAMILY = "1,2";
			};
			name = Release;
		};
/* End XCBuildConfiguration section */

/* Begin XCConfigurationList section */
		21EA5A1F2BF399C3001900D5 /* Build configuration list for PBXProject "Dance Off" */ = {
			isa = XCConfigurationList;
			buildConfigurations = (
				21EA5A312BF399CD001900D5 /* Debug */,
				21EA5A322BF399CD001900D5 /* Release */,
			);
			defaultConfigurationIsVisible = 0;
			defaultConfigurationName = Release;
		};
		21EA5A332BF399CD001900D5 /* Build configuration list for PBXNativeTarget "Dance Off" */ = {
			isa = XCConfigurationList;
			buildConfigurations = (
				21EA5A342BF399CD001900D5 /* Debug */,
				21EA5A352BF399CD001900D5 /* Release */,
			);
			defaultConfigurationIsVisible = 0;
			defaultConfigurationName = Release;
		};
/* End XCConfigurationList section */
	};
	rootObject = 21EA5A1C2BF399C3001900D5 /* Project object */;
}
